
Microsoft Visual Studio Solution File, Format Version 12.00
# Visual Studio Version 17
VisualStudioVersion = 17.9.34622.214
MinimumVisualStudioVersion = 10.0.40219.1
Project("{FAE04EC0-301F-11D3-BF4B-00C04F79EFBC}") = "WebApplication", "WebApplication.csproj", "{BC8131B7-B86B-4254-A346-6679E9BA0183}"
EndProject
Global
	GlobalSection(SolutionConfigurationPlatforms) = preSolution
		Debug|Any CPU = Debug|Any CPU
		Release|Any CPU = Release|Any CPU
	EndGlobalSection
	GlobalSection(ProjectConfigurationPlatforms) = postSolution
		{BC8131B7-B86B-4254-A346-6679E9BA0183}.Debug|Any CPU.ActiveCfg = Debug|Any CPU
		{BC8131B7-B86B-4254-A346-6679E9BA0183}.Debug|Any CPU.Build.0 = Debug|Any CPU
		{BC8131B7-B86B-4254-A346-6679E9BA0183}.Release|Any CPU.ActiveCfg = Release|Any CPU
		{BC8131B7-B86B-4254-A346-6679E9BA0183}.Release|Any CPU.Build.0 = Release|Any CPU
	EndGlobalSection
	GlobalSection(SolutionProperties) = preSolution
		HideSolutionNode = FALSE
	EndGlobalSection
	GlobalSection(ExtensibilityGlobals) = postSolution
		SolutionGuid = {24402305-1406-43BE-B417-48CE97D3B7F8}
	EndGlobalSection
EndGlobal
